// !$*UTF8*$!
{
	archiveVersion = 1;
	classes = {
	};
	objectVersion = 56;
	objects = {

/* Begin PBXBuildFile section */
		AC13C8BB2C73C31B00AF55C7 /* Model.xcdatamodeld in Sources */ = {isa = PBXBuildFile; fileRef = AC13C8B92C73C31B00AF55C7 /* Model.xcdatamodeld */; };
		AC1496FE2C52F0A500BF80F8 /* AppDelegate.swift in Sources */ = {isa = PBXBuildFile; fileRef = AC1496FD2C52F0A500BF80F8 /* AppDelegate.swift */; };
		AC1497002C52F0A500BF80F8 /* SceneDelegate.swift in Sources */ = {isa = PBXBuildFile; fileRef = AC1496FF2C52F0A500BF80F8 /* SceneDelegate.swift */; };
		AC1497022C52F0A500BF80F8 /* TrackerViewController.swift in Sources */ = {isa = PBXBuildFile; fileRef = AC1497012C52F0A500BF80F8 /* TrackerViewController.swift */; };
		AC1497072C52F0A600BF80F8 /* Assets.xcassets in Resources */ = {isa = PBXBuildFile; fileRef = AC1497062C52F0A600BF80F8 /* Assets.xcassets */; };
		AC14970A2C52F0A600BF80F8 /* Base in Resources */ = {isa = PBXBuildFile; fileRef = AC1497092C52F0A600BF80F8 /* Base */; };
		AC2DC72D2C5AA16C00D4FE7B /* GeomitricParams.swift in Sources */ = {isa = PBXBuildFile; fileRef = AC2DC72C2C5AA16C00D4FE7B /* GeomitricParams.swift */; };
		AC38BA9E2C56629D00463933 /* Tracker.swift in Sources */ = {isa = PBXBuildFile; fileRef = AC38BA9D2C56629D00463933 /* Tracker.swift */; };
		AC38BAA02C5664D400463933 /* TrackerCategory.swift in Sources */ = {isa = PBXBuildFile; fileRef = AC38BA9F2C5664D400463933 /* TrackerCategory.swift */; };
		AC38BAA22C56651900463933 /* TrackerRecord.swift in Sources */ = {isa = PBXBuildFile; fileRef = AC38BAA12C56651900463933 /* TrackerRecord.swift */; };
		AC3AEE822C655341005A6A5F /* CreatingHabitViewController.swift in Sources */ = {isa = PBXBuildFile; fileRef = AC3AEE812C655341005A6A5F /* CreatingHabitViewController.swift */; };
		AC3AEE842C6558FD005A6A5F /* PaddedTextField.swift in Sources */ = {isa = PBXBuildFile; fileRef = AC3AEE832C6558FD005A6A5F /* PaddedTextField.swift */; };
		AC3AEE862C655B2D005A6A5F /* CreatingHabitTableViewCell.swift in Sources */ = {isa = PBXBuildFile; fileRef = AC3AEE852C655B2D005A6A5F /* CreatingHabitTableViewCell.swift */; };
		AC59B1CC2C6773DD00C656D7 /* ScheduleScreenViewController.swift in Sources */ = {isa = PBXBuildFile; fileRef = AC59B1CB2C6773DD00C656D7 /* ScheduleScreenViewController.swift */; };
		AC59B1CF2C6778FB00C656D7 /* ScheduleTableViewCell.swift in Sources */ = {isa = PBXBuildFile; fileRef = AC59B1CE2C6778FB00C656D7 /* ScheduleTableViewCell.swift */; };
		AC59DD832C537DD1005A8E6C /* StatisticViewController.swift in Sources */ = {isa = PBXBuildFile; fileRef = AC59DD822C537DD1005A8E6C /* StatisticViewController.swift */; };
		AC59DD852C538416005A8E6C /* Color+Extension.swift in Sources */ = {isa = PBXBuildFile; fileRef = AC59DD842C538416005A8E6C /* Color+Extension.swift */; };
		AC7EA8E92C7CEF7100D3FE30 /* DataProvider.swift in Sources */ = {isa = PBXBuildFile; fileRef = AC7EA8E82C7CEF7100D3FE30 /* DataProvider.swift */; };
		AC80E5B22C752800005FB68B /* TrackerStore.swift in Sources */ = {isa = PBXBuildFile; fileRef = AC80E5B12C752800005FB68B /* TrackerStore.swift */; };
		AC80E5B42C75281A005FB68B /* TrackerCategoryStore.swift in Sources */ = {isa = PBXBuildFile; fileRef = AC80E5B32C75281A005FB68B /* TrackerCategoryStore.swift */; };
		AC80E5B62C752830005FB68B /* TrackerRecordStore.swift in Sources */ = {isa = PBXBuildFile; fileRef = AC80E5B52C752830005FB68B /* TrackerRecordStore.swift */; };
		AC80E5B82C752AE6005FB68B /* UIColorMarshaling.swift in Sources */ = {isa = PBXBuildFile; fileRef = AC80E5B72C752AE6005FB68B /* UIColorMarshaling.swift */; };
		AC835BDC2C6387D200D38AF5 /* CreatingTrackerViewController.swift in Sources */ = {isa = PBXBuildFile; fileRef = AC835BDB2C6387D200D38AF5 /* CreatingTrackerViewController.swift */; };
		AC8861F42C5A901400569ABA /* TrackerCollectionViewCell.swift in Sources */ = {isa = PBXBuildFile; fileRef = AC8861F32C5A901400569ABA /* TrackerCollectionViewCell.swift */; };
		AC8861F72C5A938100569ABA /* HeaderSupplementaryView.swift in Sources */ = {isa = PBXBuildFile; fileRef = AC8861F62C5A938100569ABA /* HeaderSupplementaryView.swift */; };
		ACA8F9312C80755E00D4C572 /* CustomValueTransformer.swift in Sources */ = {isa = PBXBuildFile; fileRef = ACA8F9302C80755E00D4C572 /* CustomValueTransformer.swift */; };
		ACB235612C71D12B00766A96 /* CreateTrackerCollectionViewColorCell.swift in Sources */ = {isa = PBXBuildFile; fileRef = ACB235602C71D12B00766A96 /* CreateTrackerCollectionViewColorCell.swift */; };
		ACBA7FDB2C6A99460052F6C0 /* HideKeyboardWhenTappedAround+Extension.swift in Sources */ = {isa = PBXBuildFile; fileRef = ACBA7FDA2C6A99460052F6C0 /* HideKeyboardWhenTappedAround+Extension.swift */; };
		ACC7BAF02C6FEC1C007F35AE /* CreateTrackerCollectionViewEmojiCell.swift in Sources */ = {isa = PBXBuildFile; fileRef = ACC7BAEF2C6FEC1C007F35AE /* CreateTrackerCollectionViewEmojiCell.swift */; };
		ACC7BAF22C6FF163007F35AE /* CreateTrackerCollectionCellData.swift in Sources */ = {isa = PBXBuildFile; fileRef = ACC7BAF12C6FF163007F35AE /* CreateTrackerCollectionCellData.swift */; };
		ACE87ED52C68AF6300CFB0DF /* CellData.swift in Sources */ = {isa = PBXBuildFile; fileRef = ACE87ED42C68AF6300CFB0DF /* CellData.swift */; };
		ACF009372C6AAFE000F7CAB2 /* CreatingNotRegularEventViewController.swift in Sources */ = {isa = PBXBuildFile; fileRef = ACF009362C6AAFE000F7CAB2 /* CreatingNotRegularEventViewController.swift */; };
		ACFDF1F32C537C0500371272 /* TabBarController.swift in Sources */ = {isa = PBXBuildFile; fileRef = ACFDF1F22C537C0500371272 /* TabBarController.swift */; };
/* End PBXBuildFile section */

/* Begin PBXFileReference section */
		AC13C8BA2C73C31B00AF55C7 /* Model.xcdatamodel */ = {isa = PBXFileReference; lastKnownFileType = wrapper.xcdatamodel; path = Model.xcdatamodel; sourceTree = "<group>"; };
		AC1496FA2C52F0A500BF80F8 /* Tracker.app */ = {isa = PBXFileReference; explicitFileType = wrapper.application; includeInIndex = 0; path = Tracker.app; sourceTree = BUILT_PRODUCTS_DIR; };
		AC1496FD2C52F0A500BF80F8 /* AppDelegate.swift */ = {isa = PBXFileReference; lastKnownFileType = sourcecode.swift; path = AppDelegate.swift; sourceTree = "<group>"; };
		AC1496FF2C52F0A500BF80F8 /* SceneDelegate.swift */ = {isa = PBXFileReference; lastKnownFileType = sourcecode.swift; path = SceneDelegate.swift; sourceTree = "<group>"; };
		AC1497012C52F0A500BF80F8 /* TrackerViewController.swift */ = {isa = PBXFileReference; lastKnownFileType = sourcecode.swift; path = TrackerViewController.swift; sourceTree = "<group>"; };
		AC1497062C52F0A600BF80F8 /* Assets.xcassets */ = {isa = PBXFileReference; lastKnownFileType = folder.assetcatalog; path = Assets.xcassets; sourceTree = "<group>"; };
		AC1497092C52F0A600BF80F8 /* Base */ = {isa = PBXFileReference; lastKnownFileType = file.storyboard; name = Base; path = Base.lproj/LaunchScreen.storyboard; sourceTree = "<group>"; };
		AC14970B2C52F0A600BF80F8 /* Info.plist */ = {isa = PBXFileReference; lastKnownFileType = text.plist.xml; path = Info.plist; sourceTree = "<group>"; };
		AC2DC72C2C5AA16C00D4FE7B /* GeomitricParams.swift */ = {isa = PBXFileReference; lastKnownFileType = sourcecode.swift; path = GeomitricParams.swift; sourceTree = "<group>"; };
		AC38BA9D2C56629D00463933 /* Tracker.swift */ = {isa = PBXFileReference; lastKnownFileType = sourcecode.swift; path = Tracker.swift; sourceTree = "<group>"; };
		AC38BA9F2C5664D400463933 /* TrackerCategory.swift */ = {isa = PBXFileReference; lastKnownFileType = sourcecode.swift; path = TrackerCategory.swift; sourceTree = "<group>"; };
		AC38BAA12C56651900463933 /* TrackerRecord.swift */ = {isa = PBXFileReference; lastKnownFileType = sourcecode.swift; path = TrackerRecord.swift; sourceTree = "<group>"; };
		AC3AEE812C655341005A6A5F /* CreatingHabitViewController.swift */ = {isa = PBXFileReference; lastKnownFileType = sourcecode.swift; path = CreatingHabitViewController.swift; sourceTree = "<group>"; };
		AC3AEE832C6558FD005A6A5F /* PaddedTextField.swift */ = {isa = PBXFileReference; lastKnownFileType = sourcecode.swift; path = PaddedTextField.swift; sourceTree = "<group>"; };
		AC3AEE852C655B2D005A6A5F /* CreatingHabitTableViewCell.swift */ = {isa = PBXFileReference; lastKnownFileType = sourcecode.swift; path = CreatingHabitTableViewCell.swift; sourceTree = "<group>"; };
		AC59B1CB2C6773DD00C656D7 /* ScheduleScreenViewController.swift */ = {isa = PBXFileReference; lastKnownFileType = sourcecode.swift; path = ScheduleScreenViewController.swift; sourceTree = "<group>"; };
		AC59B1CE2C6778FB00C656D7 /* ScheduleTableViewCell.swift */ = {isa = PBXFileReference; lastKnownFileType = sourcecode.swift; path = ScheduleTableViewCell.swift; sourceTree = "<group>"; };
		AC59DD822C537DD1005A8E6C /* StatisticViewController.swift */ = {isa = PBXFileReference; lastKnownFileType = sourcecode.swift; path = StatisticViewController.swift; sourceTree = "<group>"; };
		AC59DD842C538416005A8E6C /* Color+Extension.swift */ = {isa = PBXFileReference; lastKnownFileType = sourcecode.swift; path = "Color+Extension.swift"; sourceTree = "<group>"; };
		AC7EA8E82C7CEF7100D3FE30 /* DataProvider.swift */ = {isa = PBXFileReference; lastKnownFileType = sourcecode.swift; path = DataProvider.swift; sourceTree = "<group>"; };
		AC80E5B12C752800005FB68B /* TrackerStore.swift */ = {isa = PBXFileReference; lastKnownFileType = sourcecode.swift; path = TrackerStore.swift; sourceTree = "<group>"; };
		AC80E5B32C75281A005FB68B /* TrackerCategoryStore.swift */ = {isa = PBXFileReference; lastKnownFileType = sourcecode.swift; path = TrackerCategoryStore.swift; sourceTree = "<group>"; };
		AC80E5B52C752830005FB68B /* TrackerRecordStore.swift */ = {isa = PBXFileReference; lastKnownFileType = sourcecode.swift; path = TrackerRecordStore.swift; sourceTree = "<group>"; };
		AC80E5B72C752AE6005FB68B /* UIColorMarshaling.swift */ = {isa = PBXFileReference; lastKnownFileType = sourcecode.swift; path = UIColorMarshaling.swift; sourceTree = "<group>"; };
		AC835BDB2C6387D200D38AF5 /* CreatingTrackerViewController.swift */ = {isa = PBXFileReference; lastKnownFileType = sourcecode.swift; path = CreatingTrackerViewController.swift; sourceTree = "<group>"; };
		AC8861F32C5A901400569ABA /* TrackerCollectionViewCell.swift */ = {isa = PBXFileReference; lastKnownFileType = sourcecode.swift; path = TrackerCollectionViewCell.swift; sourceTree = "<group>"; };
		AC8861F62C5A938100569ABA /* HeaderSupplementaryView.swift */ = {isa = PBXFileReference; lastKnownFileType = sourcecode.swift; path = HeaderSupplementaryView.swift; sourceTree = "<group>"; };
		ACA8F9302C80755E00D4C572 /* CustomValueTransformer.swift */ = {isa = PBXFileReference; lastKnownFileType = sourcecode.swift; path = CustomValueTransformer.swift; sourceTree = "<group>"; };
		ACB235602C71D12B00766A96 /* CreateTrackerCollectionViewColorCell.swift */ = {isa = PBXFileReference; lastKnownFileType = sourcecode.swift; path = CreateTrackerCollectionViewColorCell.swift; sourceTree = "<group>"; };
		ACBA7FDA2C6A99460052F6C0 /* HideKeyboardWhenTappedAround+Extension.swift */ = {isa = PBXFileReference; lastKnownFileType = sourcecode.swift; path = "HideKeyboardWhenTappedAround+Extension.swift"; sourceTree = "<group>"; };
		ACC7BAEF2C6FEC1C007F35AE /* CreateTrackerCollectionViewEmojiCell.swift */ = {isa = PBXFileReference; lastKnownFileType = sourcecode.swift; path = CreateTrackerCollectionViewEmojiCell.swift; sourceTree = "<group>"; };
		ACC7BAF12C6FF163007F35AE /* CreateTrackerCollectionCellData.swift */ = {isa = PBXFileReference; lastKnownFileType = sourcecode.swift; path = CreateTrackerCollectionCellData.swift; sourceTree = "<group>"; };
		ACE87ED42C68AF6300CFB0DF /* CellData.swift */ = {isa = PBXFileReference; lastKnownFileType = sourcecode.swift; path = CellData.swift; sourceTree = "<group>"; };
		ACF009362C6AAFE000F7CAB2 /* CreatingNotRegularEventViewController.swift */ = {isa = PBXFileReference; lastKnownFileType = sourcecode.swift; path = CreatingNotRegularEventViewController.swift; sourceTree = "<group>"; };
		ACFDF1F22C537C0500371272 /* TabBarController.swift */ = {isa = PBXFileReference; lastKnownFileType = sourcecode.swift; path = TabBarController.swift; sourceTree = "<group>"; };
/* End PBXFileReference section */

/* Begin PBXFrameworksBuildPhase section */
		AC1496F72C52F0A500BF80F8 /* Frameworks */ = {
			isa = PBXFrameworksBuildPhase;
			buildActionMask = 2147483647;
			files = (
			);
			runOnlyForDeploymentPostprocessing = 0;
		};
/* End PBXFrameworksBuildPhase section */

/* Begin PBXGroup section */
		AC1496F12C52F0A500BF80F8 = {
			isa = PBXGroup;
			children = (
				AC1496FC2C52F0A500BF80F8 /* Tracker */,
				AC1496FB2C52F0A500BF80F8 /* Products */,
			);
			sourceTree = "<group>";
		};
		AC1496FB2C52F0A500BF80F8 /* Products */ = {
			isa = PBXGroup;
			children = (
				AC1496FA2C52F0A500BF80F8 /* Tracker.app */,
			);
			name = Products;
			sourceTree = "<group>";
		};
		AC1496FC2C52F0A500BF80F8 /* Tracker */ = {
			isa = PBXGroup;
			children = (
				AC7EA8E72C7CEF5E00D3FE30 /* Domain */,
				AC80E5B02C7527EE005FB68B /* Store */,
				AC38BA9C2C5661A900463933 /* Models */,
				AC59DD812C537D95005A8E6C /* Statistics Screen */,
				ACFDF1F42C537D2800371272 /* Trackers Screen */,
				ACFDF1F02C537BDB00371272 /* Helpers */,
				AC1496FD2C52F0A500BF80F8 /* AppDelegate.swift */,
				AC1496FF2C52F0A500BF80F8 /* SceneDelegate.swift */,
				AC1497062C52F0A600BF80F8 /* Assets.xcassets */,
				AC1497082C52F0A600BF80F8 /* LaunchScreen.storyboard */,
				AC14970B2C52F0A600BF80F8 /* Info.plist */,
				AC80E5AF2C7527BC005FB68B /* Core Data */,
			);
			path = Tracker;
			sourceTree = "<group>";
		};
		AC38BA9C2C5661A900463933 /* Models */ = {
			isa = PBXGroup;
			children = (
				AC38BA9D2C56629D00463933 /* Tracker.swift */,
				AC38BA9F2C5664D400463933 /* TrackerCategory.swift */,
				AC38BAA12C56651900463933 /* TrackerRecord.swift */,
				AC2DC72C2C5AA16C00D4FE7B /* GeomitricParams.swift */,
				ACE87ED42C68AF6300CFB0DF /* CellData.swift */,
				ACC7BAF12C6FF163007F35AE /* CreateTrackerCollectionCellData.swift */,
			);
			path = Models;
			sourceTree = "<group>";
		};
		AC3AEE802C6552F2005A6A5F /* CrateHabit Screen */ = {
			isa = PBXGroup;
			children = (
				AC3AEE872C655BC1005A6A5F /* CreatingHabitTableView Cell */,
				AC3AEE812C655341005A6A5F /* CreatingHabitViewController.swift */,
				AC59B1CA2C6773C700C656D7 /* Schedule Screen */,
			);
			path = "CrateHabit Screen";
			sourceTree = "<group>";
		};
		AC3AEE872C655BC1005A6A5F /* CreatingHabitTableView Cell */ = {
			isa = PBXGroup;
			children = (
				AC3AEE852C655B2D005A6A5F /* CreatingHabitTableViewCell.swift */,
			);
			path = "CreatingHabitTableView Cell";
			sourceTree = "<group>";
		};
		AC59B1CA2C6773C700C656D7 /* Schedule Screen */ = {
			isa = PBXGroup;
			children = (
				AC59B1CD2C6778EE00C656D7 /* ScheduleTableView Cell */,
				AC59B1CB2C6773DD00C656D7 /* ScheduleScreenViewController.swift */,
			);
			path = "Schedule Screen";
			sourceTree = "<group>";
		};
		AC59B1CD2C6778EE00C656D7 /* ScheduleTableView Cell */ = {
			isa = PBXGroup;
			children = (
				AC59B1CE2C6778FB00C656D7 /* ScheduleTableViewCell.swift */,
			);
			path = "ScheduleTableView Cell";
			sourceTree = "<group>";
		};
		AC59DD812C537D95005A8E6C /* Statistics Screen */ = {
			isa = PBXGroup;
			children = (
				AC59DD822C537DD1005A8E6C /* StatisticViewController.swift */,
			);
			path = "Statistics Screen";
			sourceTree = "<group>";
		};
		AC7EA8E72C7CEF5E00D3FE30 /* Domain */ = {
			isa = PBXGroup;
			children = (
				AC7EA8E82C7CEF7100D3FE30 /* DataProvider.swift */,
			);
			path = Domain;
			sourceTree = "<group>";
		};
		AC80E5AF2C7527BC005FB68B /* Core Data */ = {
			isa = PBXGroup;
			children = (
				AC13C8B92C73C31B00AF55C7 /* Model.xcdatamodeld */,
			);
			path = "Core Data";
			sourceTree = "<group>";
		};
		AC80E5B02C7527EE005FB68B /* Store */ = {
			isa = PBXGroup;
			children = (
				AC80E5B12C752800005FB68B /* TrackerStore.swift */,
				AC80E5B32C75281A005FB68B /* TrackerCategoryStore.swift */,
				AC80E5B52C752830005FB68B /* TrackerRecordStore.swift */,
			);
			path = Store;
			sourceTree = "<group>";
		};
		AC835BDA2C6387AE00D38AF5 /* CreatingTracker Screen */ = {
			isa = PBXGroup;
			children = (
				ACC7BAEE2C6FEAB5007F35AE /* CreateTrackerCollectionViewCell */,
				AC835BDB2C6387D200D38AF5 /* CreatingTrackerViewController.swift */,
				AC3AEE802C6552F2005A6A5F /* CrateHabit Screen */,
				ACF009382C6AAFF200F7CAB2 /* CreatingNotRegularEvent Screen */,
			);
			path = "CreatingTracker Screen";
			sourceTree = "<group>";
		};
		AC8861F52C5A934900569ABA /* TrackerCollectionViewHelpers */ = {
			isa = PBXGroup;
			children = (
				AC8861F32C5A901400569ABA /* TrackerCollectionViewCell.swift */,
				AC8861F62C5A938100569ABA /* HeaderSupplementaryView.swift */,
			);
			path = TrackerCollectionViewHelpers;
			sourceTree = "<group>";
		};
		ACC7BAEE2C6FEAB5007F35AE /* CreateTrackerCollectionViewCell */ = {
			isa = PBXGroup;
			children = (
				ACC7BAEF2C6FEC1C007F35AE /* CreateTrackerCollectionViewEmojiCell.swift */,
				ACB235602C71D12B00766A96 /* CreateTrackerCollectionViewColorCell.swift */,
			);
			path = CreateTrackerCollectionViewCell;
			sourceTree = "<group>";
		};
		ACF009382C6AAFF200F7CAB2 /* CreatingNotRegularEvent Screen */ = {
			isa = PBXGroup;
			children = (
				ACF009362C6AAFE000F7CAB2 /* CreatingNotRegularEventViewController.swift */,
			);
			path = "CreatingNotRegularEvent Screen";
			sourceTree = "<group>";
		};
		ACFDF1F02C537BDB00371272 /* Helpers */ = {
			isa = PBXGroup;
			children = (
				ACFDF1F12C537BEB00371272 /* UIElements */,
				AC59DD842C538416005A8E6C /* Color+Extension.swift */,
				AC80E5B72C752AE6005FB68B /* UIColorMarshaling.swift */,
				ACBA7FDA2C6A99460052F6C0 /* HideKeyboardWhenTappedAround+Extension.swift */,
				ACA8F9302C80755E00D4C572 /* CustomValueTransformer.swift */,
			);
			path = Helpers;
			sourceTree = "<group>";
		};
		ACFDF1F12C537BEB00371272 /* UIElements */ = {
			isa = PBXGroup;
			children = (
				ACFDF1F22C537C0500371272 /* TabBarController.swift */,
				AC3AEE832C6558FD005A6A5F /* PaddedTextField.swift */,
			);
			path = UIElements;
			sourceTree = "<group>";
		};
		ACFDF1F42C537D2800371272 /* Trackers Screen */ = {
			isa = PBXGroup;
			children = (
				AC835BDA2C6387AE00D38AF5 /* CreatingTracker Screen */,
				AC1497012C52F0A500BF80F8 /* TrackerViewController.swift */,
				AC8861F52C5A934900569ABA /* TrackerCollectionViewHelpers */,
			);
			path = "Trackers Screen";
			sourceTree = "<group>";
		};
/* End PBXGroup section */

/* Begin PBXNativeTarget section */
		AC1496F92C52F0A500BF80F8 /* Tracker */ = {
			isa = PBXNativeTarget;
			buildConfigurationList = AC14970E2C52F0A600BF80F8 /* Build configuration list for PBXNativeTarget "Tracker" */;
			buildPhases = (
				AC1496F62C52F0A500BF80F8 /* Sources */,
				AC1496F72C52F0A500BF80F8 /* Frameworks */,
				AC1496F82C52F0A500BF80F8 /* Resources */,
			);
			buildRules = (
			);
			dependencies = (
			);
			name = Tracker;
			productName = Tracker;
			productReference = AC1496FA2C52F0A500BF80F8 /* Tracker.app */;
			productType = "com.apple.product-type.application";
		};
/* End PBXNativeTarget section */

/* Begin PBXProject section */
		AC1496F22C52F0A500BF80F8 /* Project object */ = {
			isa = PBXProject;
			attributes = {
				BuildIndependentTargetsInParallel = 1;
				LastSwiftUpdateCheck = 1530;
				LastUpgradeCheck = 1530;
				TargetAttributes = {
					AC1496F92C52F0A500BF80F8 = {
						CreatedOnToolsVersion = 15.3;
					};
				};
			};
			buildConfigurationList = AC1496F52C52F0A500BF80F8 /* Build configuration list for PBXProject "Tracker" */;
			compatibilityVersion = "Xcode 14.0";
			developmentRegion = en;
			hasScannedForEncodings = 0;
			knownRegions = (
				en,
				Base,
			);
			mainGroup = AC1496F12C52F0A500BF80F8;
			productRefGroup = AC1496FB2C52F0A500BF80F8 /* Products */;
			projectDirPath = "";
			projectRoot = "";
			targets = (
				AC1496F92C52F0A500BF80F8 /* Tracker */,
			);
		};
/* End PBXProject section */

/* Begin PBXResourcesBuildPhase section */
		AC1496F82C52F0A500BF80F8 /* Resources */ = {
			isa = PBXResourcesBuildPhase;
			buildActionMask = 2147483647;
			files = (
				AC1497072C52F0A600BF80F8 /* Assets.xcassets in Resources */,
				AC14970A2C52F0A600BF80F8 /* Base in Resources */,
			);
			runOnlyForDeploymentPostprocessing = 0;
		};
/* End PBXResourcesBuildPhase section */

/* Begin PBXSourcesBuildPhase section */
		AC1496F62C52F0A500BF80F8 /* Sources */ = {
			isa = PBXSourcesBuildPhase;
			buildActionMask = 2147483647;
			files = (
				AC7EA8E92C7CEF7100D3FE30 /* DataProvider.swift in Sources */,
				AC1497022C52F0A500BF80F8 /* TrackerViewController.swift in Sources */,
				AC3AEE842C6558FD005A6A5F /* PaddedTextField.swift in Sources */,
				AC59B1CC2C6773DD00C656D7 /* ScheduleScreenViewController.swift in Sources */,
				AC59DD852C538416005A8E6C /* Color+Extension.swift in Sources */,
				AC38BAA02C5664D400463933 /* TrackerCategory.swift in Sources */,
				ACC7BAF02C6FEC1C007F35AE /* CreateTrackerCollectionViewEmojiCell.swift in Sources */,
				ACFDF1F32C537C0500371272 /* TabBarController.swift in Sources */,
				AC80E5B62C752830005FB68B /* TrackerRecordStore.swift in Sources */,
				AC1496FE2C52F0A500BF80F8 /* AppDelegate.swift in Sources */,
				AC3AEE862C655B2D005A6A5F /* CreatingHabitTableViewCell.swift in Sources */,
				AC59B1CF2C6778FB00C656D7 /* ScheduleTableViewCell.swift in Sources */,
				AC80E5B22C752800005FB68B /* TrackerStore.swift in Sources */,
				AC13C8BB2C73C31B00AF55C7 /* Model.xcdatamodeld in Sources */,
				AC38BAA22C56651900463933 /* TrackerRecord.swift in Sources */,
				AC59DD832C537DD1005A8E6C /* StatisticViewController.swift in Sources */,
				AC835BDC2C6387D200D38AF5 /* CreatingTrackerViewController.swift in Sources */,
				AC2DC72D2C5AA16C00D4FE7B /* GeomitricParams.swift in Sources */,
				AC8861F72C5A938100569ABA /* HeaderSupplementaryView.swift in Sources */,
				AC3AEE822C655341005A6A5F /* CreatingHabitViewController.swift in Sources */,
				ACC7BAF22C6FF163007F35AE /* CreateTrackerCollectionCellData.swift in Sources */,
				AC80E5B82C752AE6005FB68B /* UIColorMarshaling.swift in Sources */,
				AC80E5B42C75281A005FB68B /* TrackerCategoryStore.swift in Sources */,
				ACA8F9312C80755E00D4C572 /* CustomValueTransformer.swift in Sources */,
				AC8861F42C5A901400569ABA /* TrackerCollectionViewCell.swift in Sources */,
				ACE87ED52C68AF6300CFB0DF /* CellData.swift in Sources */,
				ACB235612C71D12B00766A96 /* CreateTrackerCollectionViewColorCell.swift in Sources */,
				AC1497002C52F0A500BF80F8 /* SceneDelegate.swift in Sources */,
				AC38BA9E2C56629D00463933 /* Tracker.swift in Sources */,
				ACBA7FDB2C6A99460052F6C0 /* HideKeyboardWhenTappedAround+Extension.swift in Sources */,
				ACF009372C6AAFE000F7CAB2 /* CreatingNotRegularEventViewController.swift in Sources */,
			);
			runOnlyForDeploymentPostprocessing = 0;
		};
/* End PBXSourcesBuildPhase section */

/* Begin PBXVariantGroup section */
		AC1497082C52F0A600BF80F8 /* LaunchScreen.storyboard */ = {
			isa = PBXVariantGroup;
			children = (
				AC1497092C52F0A600BF80F8 /* Base */,
			);
			name = LaunchScreen.storyboard;
			sourceTree = "<group>";
		};
/* End PBXVariantGroup section */

/* Begin XCBuildConfiguration section */
		AC14970C2C52F0A600BF80F8 /* Debug */ = {
			isa = XCBuildConfiguration;
			buildSettings = {
				ALWAYS_SEARCH_USER_PATHS = NO;
				ASSETCATALOG_COMPILER_GENERATE_SWIFT_ASSET_SYMBOL_EXTENSIONS = YES;
				CLANG_ANALYZER_NONNULL = YES;
				CLANG_ANALYZER_NUMBER_OBJECT_CONVERSION = YES_AGGRESSIVE;
				CLANG_CXX_LANGUAGE_STANDARD = "gnu++20";
				CLANG_ENABLE_MODULES = YES;
				CLANG_ENABLE_OBJC_ARC = YES;
				CLANG_ENABLE_OBJC_WEAK = YES;
				CLANG_WARN_BLOCK_CAPTURE_AUTORELEASING = YES;
				CLANG_WARN_BOOL_CONVERSION = YES;
				CLANG_WARN_COMMA = YES;
				CLANG_WARN_CONSTANT_CONVERSION = YES;
				CLANG_WARN_DEPRECATED_OBJC_IMPLEMENTATIONS = YES;
				CLANG_WARN_DIRECT_OBJC_ISA_USAGE = YES_ERROR;
				CLANG_WARN_DOCUMENTATION_COMMENTS = YES;
				CLANG_WARN_EMPTY_BODY = YES;
				CLANG_WARN_ENUM_CONVERSION = YES;
				CLANG_WARN_INFINITE_RECURSION = YES;
				CLANG_WARN_INT_CONVERSION = YES;
				CLANG_WARN_NON_LITERAL_NULL_CONVERSION = YES;
				CLANG_WARN_OBJC_IMPLICIT_RETAIN_SELF = YES;
				CLANG_WARN_OBJC_LITERAL_CONVERSION = YES;
				CLANG_WARN_OBJC_ROOT_CLASS = YES_ERROR;
				CLANG_WARN_QUOTED_INCLUDE_IN_FRAMEWORK_HEADER = YES;
				CLANG_WARN_RANGE_LOOP_ANALYSIS = YES;
				CLANG_WARN_STRICT_PROTOTYPES = YES;
				CLANG_WARN_SUSPICIOUS_MOVE = YES;
				CLANG_WARN_UNGUARDED_AVAILABILITY = YES_AGGRESSIVE;
				CLANG_WARN_UNREACHABLE_CODE = YES;
				CLANG_WARN__DUPLICATE_METHOD_MATCH = YES;
				COPY_PHASE_STRIP = NO;
				DEBUG_INFORMATION_FORMAT = dwarf;
				ENABLE_STRICT_OBJC_MSGSEND = YES;
				ENABLE_TESTABILITY = YES;
				ENABLE_USER_SCRIPT_SANDBOXING = YES;
				GCC_C_LANGUAGE_STANDARD = gnu17;
				GCC_DYNAMIC_NO_PIC = NO;
				GCC_NO_COMMON_BLOCKS = YES;
				GCC_OPTIMIZATION_LEVEL = 0;
				GCC_PREPROCESSOR_DEFINITIONS = (
					"DEBUG=1",
					"$(inherited)",
				);
				GCC_WARN_64_TO_32_BIT_CONVERSION = YES;
				GCC_WARN_ABOUT_RETURN_TYPE = YES_ERROR;
				GCC_WARN_UNDECLARED_SELECTOR = YES;
				GCC_WARN_UNINITIALIZED_AUTOS = YES_AGGRESSIVE;
				GCC_WARN_UNUSED_FUNCTION = YES;
				GCC_WARN_UNUSED_VARIABLE = YES;
				IPHONEOS_DEPLOYMENT_TARGET = 17.4;
				LOCALIZATION_PREFERS_STRING_CATALOGS = YES;
				MTL_ENABLE_DEBUG_INFO = INCLUDE_SOURCE;
				MTL_FAST_MATH = YES;
				ONLY_ACTIVE_ARCH = YES;
				SDKROOT = iphoneos;
				SWIFT_ACTIVE_COMPILATION_CONDITIONS = "DEBUG $(inherited)";
				SWIFT_OPTIMIZATION_LEVEL = "-Onone";
			};
			name = Debug;
		};
		AC14970D2C52F0A600BF80F8 /* Release */ = {
			isa = XCBuildConfiguration;
			buildSettings = {
				ALWAYS_SEARCH_USER_PATHS = NO;
				ASSETCATALOG_COMPILER_GENERATE_SWIFT_ASSET_SYMBOL_EXTENSIONS = YES;
				CLANG_ANALYZER_NONNULL = YES;
				CLANG_ANALYZER_NUMBER_OBJECT_CONVERSION = YES_AGGRESSIVE;
				CLANG_CXX_LANGUAGE_STANDARD = "gnu++20";
				CLANG_ENABLE_MODULES = YES;
				CLANG_ENABLE_OBJC_ARC = YES;
				CLANG_ENABLE_OBJC_WEAK = YES;
				CLANG_WARN_BLOCK_CAPTURE_AUTORELEASING = YES;
				CLANG_WARN_BOOL_CONVERSION = YES;
				CLANG_WARN_COMMA = YES;
				CLANG_WARN_CONSTANT_CONVERSION = YES;
				CLANG_WARN_DEPRECATED_OBJC_IMPLEMENTATIONS = YES;
				CLANG_WARN_DIRECT_OBJC_ISA_USAGE = YES_ERROR;
				CLANG_WARN_DOCUMENTATION_COMMENTS = YES;
				CLANG_WARN_EMPTY_BODY = YES;
				CLANG_WARN_ENUM_CONVERSION = YES;
				CLANG_WARN_INFINITE_RECURSION = YES;
				CLANG_WARN_INT_CONVERSION = YES;
				CLANG_WARN_NON_LITERAL_NULL_CONVERSION = YES;
				CLANG_WARN_OBJC_IMPLICIT_RETAIN_SELF = YES;
				CLANG_WARN_OBJC_LITERAL_CONVERSION = YES;
				CLANG_WARN_OBJC_ROOT_CLASS = YES_ERROR;
				CLANG_WARN_QUOTED_INCLUDE_IN_FRAMEWORK_HEADER = YES;
				CLANG_WARN_RANGE_LOOP_ANALYSIS = YES;
				CLANG_WARN_STRICT_PROTOTYPES = YES;
				CLANG_WARN_SUSPICIOUS_MOVE = YES;
				CLANG_WARN_UNGUARDED_AVAILABILITY = YES_AGGRESSIVE;
				CLANG_WARN_UNREACHABLE_CODE = YES;
				CLANG_WARN__DUPLICATE_METHOD_MATCH = YES;
				COPY_PHASE_STRIP = NO;
				DEBUG_INFORMATION_FORMAT = "dwarf-with-dsym";
				ENABLE_NS_ASSERTIONS = NO;
				ENABLE_STRICT_OBJC_MSGSEND = YES;
				ENABLE_USER_SCRIPT_SANDBOXING = YES;
				GCC_C_LANGUAGE_STANDARD = gnu17;
				GCC_NO_COMMON_BLOCKS = YES;
				GCC_WARN_64_TO_32_BIT_CONVERSION = YES;
				GCC_WARN_ABOUT_RETURN_TYPE = YES_ERROR;
				GCC_WARN_UNDECLARED_SELECTOR = YES;
				GCC_WARN_UNINITIALIZED_AUTOS = YES_AGGRESSIVE;
				GCC_WARN_UNUSED_FUNCTION = YES;
				GCC_WARN_UNUSED_VARIABLE = YES;
				IPHONEOS_DEPLOYMENT_TARGET = 17.4;
				LOCALIZATION_PREFERS_STRING_CATALOGS = YES;
				MTL_ENABLE_DEBUG_INFO = NO;
				MTL_FAST_MATH = YES;
				SDKROOT = iphoneos;
				SWIFT_COMPILATION_MODE = wholemodule;
				VALIDATE_PRODUCT = YES;
			};
			name = Release;
		};
		AC14970F2C52F0A600BF80F8 /* Debug */ = {
			isa = XCBuildConfiguration;
			buildSettings = {
				ASSETCATALOG_COMPILER_APPICON_NAME = AppIcon;
				ASSETCATALOG_COMPILER_GLOBAL_ACCENT_COLOR_NAME = AccentColor;
				CODE_SIGN_STYLE = Automatic;
				CURRENT_PROJECT_VERSION = 1;
				DEVELOPMENT_TEAM = D4R9788Y8X;
				GENERATE_INFOPLIST_FILE = YES;
				INFOPLIST_FILE = Tracker/Info.plist;
				INFOPLIST_KEY_UIApplicationSupportsIndirectInputEvents = YES;
				INFOPLIST_KEY_UILaunchStoryboardName = LaunchScreen;
				INFOPLIST_KEY_UISupportedInterfaceOrientations = UIInterfaceOrientationPortrait;
				INFOPLIST_KEY_UISupportedInterfaceOrientations_iPad = "UIInterfaceOrientationLandscapeLeft UIInterfaceOrientationLandscapeRight UIInterfaceOrientationPortrait UIInterfaceOrientationPortraitUpsideDown";
				IPHONEOS_DEPLOYMENT_TARGET = 13.4;
				LD_RUNPATH_SEARCH_PATHS = (
					"$(inherited)",
					"@executable_path/Frameworks",
				);
				MARKETING_VERSION = 1.0;
				PRODUCT_BUNDLE_IDENTIFIER = A.M.Tracker;
				PRODUCT_NAME = "$(TARGET_NAME)";
				SUPPORTED_PLATFORMS = "iphoneos iphonesimulator";
				SUPPORTS_MACCATALYST = NO;
				SUPPORTS_MAC_DESIGNED_FOR_IPHONE_IPAD = NO;
				SUPPORTS_XR_DESIGNED_FOR_IPHONE_IPAD = NO;
				SWIFT_EMIT_LOC_STRINGS = YES;
				SWIFT_VERSION = 5.0;
				TARGETED_DEVICE_FAMILY = 1;
			};
			name = Debug;
		};
		AC1497102C52F0A600BF80F8 /* Release */ = {
			isa = XCBuildConfiguration;
			buildSettings = {
				ASSETCATALOG_COMPILER_APPICON_NAME = AppIcon;
				ASSETCATALOG_COMPILER_GLOBAL_ACCENT_COLOR_NAME = AccentColor;
				CODE_SIGN_STYLE = Automatic;
				CURRENT_PROJECT_VERSION = 1;
				DEVELOPMENT_TEAM = D4R9788Y8X;
				GENERATE_INFOPLIST_FILE = YES;
				INFOPLIST_FILE = Tracker/Info.plist;
				INFOPLIST_KEY_UIApplicationSupportsIndirectInputEvents = YES;
				INFOPLIST_KEY_UILaunchStoryboardName = LaunchScreen;
				INFOPLIST_KEY_UISupportedInterfaceOrientations = UIInterfaceOrientationPortrait;
				INFOPLIST_KEY_UISupportedInterfaceOrientations_iPad = "UIInterfaceOrientationLandscapeLeft UIInterfaceOrientationLandscapeRight UIInterfaceOrientationPortrait UIInterfaceOrientationPortraitUpsideDown";
				IPHONEOS_DEPLOYMENT_TARGET = 13.4;
				LD_RUNPATH_SEARCH_PATHS = (
					"$(inherited)",
					"@executable_path/Frameworks",
				);
				MARKETING_VERSION = 1.0;
				PRODUCT_BUNDLE_IDENTIFIER = A.M.Tracker;
				PRODUCT_NAME = "$(TARGET_NAME)";
				SUPPORTED_PLATFORMS = "iphoneos iphonesimulator";
				SUPPORTS_MACCATALYST = NO;
				SUPPORTS_MAC_DESIGNED_FOR_IPHONE_IPAD = NO;
				SUPPORTS_XR_DESIGNED_FOR_IPHONE_IPAD = NO;
				SWIFT_EMIT_LOC_STRINGS = YES;
				SWIFT_VERSION = 5.0;
				TARGETED_DEVICE_FAMILY = 1;
			};
			name = Release;
		};
/* End XCBuildConfiguration section */

/* Begin XCConfigurationList section */
		AC1496F52C52F0A500BF80F8 /* Build configuration list for PBXProject "Tracker" */ = {
			isa = XCConfigurationList;
			buildConfigurations = (
				AC14970C2C52F0A600BF80F8 /* Debug */,
				AC14970D2C52F0A600BF80F8 /* Release */,
			);
			defaultConfigurationIsVisible = 0;
			defaultConfigurationName = Release;
		};
		AC14970E2C52F0A600BF80F8 /* Build configuration list for PBXNativeTarget "Tracker" */ = {
			isa = XCConfigurationList;
			buildConfigurations = (
				AC14970F2C52F0A600BF80F8 /* Debug */,
				AC1497102C52F0A600BF80F8 /* Release */,
			);
			defaultConfigurationIsVisible = 0;
			defaultConfigurationName = Release;
		};
/* End XCConfigurationList section */

/* Begin XCVersionGroup section */
		AC13C8B92C73C31B00AF55C7 /* Model.xcdatamodeld */ = {
			isa = XCVersionGroup;
			children = (
				AC13C8BA2C73C31B00AF55C7 /* Model.xcdatamodel */,
			);
			currentVersion = AC13C8BA2C73C31B00AF55C7 /* Model.xcdatamodel */;
			path = Model.xcdatamodeld;
			sourceTree = "<group>";
			versionGroupType = wrapper.xcdatamodel;
		};
/* End XCVersionGroup section */
	};
	rootObject = AC1496F22C52F0A500BF80F8 /* Project object */;
}
